
Microsoft Visual Studio Solution File, Format Version 12.00
# Visual Studio Version 17
VisualStudioVersion = 17.14.36401.2 d17.14
MinimumVisualStudioVersion = 10.0.40219.1
Project("{FAE04EC0-301F-11D3-BF4B-00C04F79EFBC}") = "demo_netcore_mvc", "demo_netcore_mvc\demo_netcore_mvc.csproj", "{30003932-8187-420E-A806-DB845442A15B}"
EndProject
Global
	GlobalSection(SolutionConfigurationPlatforms) = preSolution
		Debug|Any CPU = Debug|Any CPU
		Release|Any CPU = Release|Any CPU
	EndGlobalSection
	GlobalSection(ProjectConfigurationPlatforms) = postSolution
		{30003932-8187-420E-A806-DB845442A15B}.Debug|Any CPU.ActiveCfg = Debug|Any CPU
		{30003932-8187-420E-A806-DB845442A15B}.Debug|Any CPU.Build.0 = Debug|Any CPU
		{30003932-8187-420E-A806-DB845442A15B}.Release|Any CPU.ActiveCfg = Release|Any CPU
		{30003932-8187-420E-A806-DB845442A15B}.Release|Any CPU.Build.0 = Release|Any CPU
	EndGlobalSection
	GlobalSection(SolutionProperties) = preSolution
		HideSolutionNode = FALSE
	EndGlobalSection
	GlobalSection(ExtensibilityGlobals) = postSolution
		SolutionGuid = {C2D22B5D-8A59-4672-9ED5-044E3B4C9D47}
	EndGlobalSection
EndGlobal
